
Microsoft Visual Studio Solution File, Format Version 12.00
# Visual Studio Version 17
VisualStudioVersion = 17.11.35219.272
MinimumVisualStudioVersion = 10.0.40219.1
Project("{FAE04EC0-301F-11D3-BF4B-00C04F79EFBC}") = "01_MainSubjects", "01_MainSubjects\01_MainSubjects.csproj", "{261209F5-789A-40A2-9E9B-3654FF01D7FA}"
EndProject
Project("{FAE04EC0-301F-11D3-BF4B-00C04F79EFBC}") = "02_Variables", "02_Variables\02_Variables.csproj", "{CD8BA61C-999F-464B-9E23-80BC28413222}"
EndProject
Project("{FAE04EC0-301F-11D3-BF4B-00C04F79EFBC}") = "03_MakingDecision", "03_MakingDecision\03_MakingDecision.csproj", "{9CB829B0-C93E-40F0-9961-878F0837042A}"
EndProject
Project("{FAE04EC0-301F-11D3-BF4B-00C04F79EFBC}") = "04_Loops", "04_Loops\04_Loops.csproj", "{27242A5B-0AE6-420C-897B-E1B078442CB7}"
EndProject
Project("{FAE04EC0-301F-11D3-BF4B-00C04F79EFBC}") = "05_LoopsWithStars", "05_LoopsWithStars\05_LoopsWithStars.csproj", "{15E74C5D-A195-461B-8E91-BBA835E20A86}"
EndProject
Project("{FAE04EC0-301F-11D3-BF4B-00C04F79EFBC}") = "06_Arrays", "06_Arrays\06_Arrays.csproj", "{D0FD4439-CD28-4F59-980F-8FDFAF153C77}"
EndProject
Project("{FAE04EC0-301F-11D3-BF4B-00C04F79EFBC}") = "07_ForeachLoop", "07_ForeachLoop\07_ForeachLoop.csproj", "{7311D974-6493-4A67-80BA-E4312116E476}"
EndProject
Project("{FAE04EC0-301F-11D3-BF4B-00C04F79EFBC}") = "08_Methods", "08_Methods\08_Methods.csproj", "{AF3E3086-F981-4785-A342-96A66145799A}"
EndProject
Project("{FAE04EC0-301F-11D3-BF4B-00C04F79EFBC}") = "09_DatabaseProject", "09_DatabaseProject\09_DatabaseProject.csproj", "{7C9F9257-4CB7-4EF6-AA1B-FEF602A750BC}"
EndProject
Global
	GlobalSection(SolutionConfigurationPlatforms) = preSolution
		Debug|Any CPU = Debug|Any CPU
		Release|Any CPU = Release|Any CPU
	EndGlobalSection
	GlobalSection(ProjectConfigurationPlatforms) = postSolution
		{261209F5-789A-40A2-9E9B-3654FF01D7FA}.Debug|Any CPU.ActiveCfg = Debug|Any CPU
		{261209F5-789A-40A2-9E9B-3654FF01D7FA}.Debug|Any CPU.Build.0 = Debug|Any CPU
		{261209F5-789A-40A2-9E9B-3654FF01D7FA}.Release|Any CPU.ActiveCfg = Release|Any CPU
		{261209F5-789A-40A2-9E9B-3654FF01D7FA}.Release|Any CPU.Build.0 = Release|Any CPU
		{CD8BA61C-999F-464B-9E23-80BC28413222}.Debug|Any CPU.ActiveCfg = Debug|Any CPU
		{CD8BA61C-999F-464B-9E23-80BC28413222}.Debug|Any CPU.Build.0 = Debug|Any CPU
		{CD8BA61C-999F-464B-9E23-80BC28413222}.Release|Any CPU.ActiveCfg = Release|Any CPU
		{CD8BA61C-999F-464B-9E23-80BC28413222}.Release|Any CPU.Build.0 = Release|Any CPU
		{9CB829B0-C93E-40F0-9961-878F0837042A}.Debug|Any CPU.ActiveCfg = Debug|Any CPU
		{9CB829B0-C93E-40F0-9961-878F0837042A}.Debug|Any CPU.Build.0 = Debug|Any CPU
		{9CB829B0-C93E-40F0-9961-878F0837042A}.Release|Any CPU.ActiveCfg = Release|Any CPU
		{9CB829B0-C93E-40F0-9961-878F0837042A}.Release|Any CPU.Build.0 = Release|Any CPU
		{27242A5B-0AE6-420C-897B-E1B078442CB7}.Debug|Any CPU.ActiveCfg = Debug|Any CPU
		{27242A5B-0AE6-420C-897B-E1B078442CB7}.Debug|Any CPU.Build.0 = Debug|Any CPU
		{27242A5B-0AE6-420C-897B-E1B078442CB7}.Release|Any CPU.ActiveCfg = Release|Any CPU
		{27242A5B-0AE6-420C-897B-E1B078442CB7}.Release|Any CPU.Build.0 = Release|Any CPU
		{15E74C5D-A195-461B-8E91-BBA835E20A86}.Debug|Any CPU.ActiveCfg = Debug|Any CPU
		{15E74C5D-A195-461B-8E91-BBA835E20A86}.Debug|Any CPU.Build.0 = Debug|Any CPU
		{15E74C5D-A195-461B-8E91-BBA835E20A86}.Release|Any CPU.ActiveCfg = Release|Any CPU
		{15E74C5D-A195-461B-8E91-BBA835E20A86}.Release|Any CPU.Build.0 = Release|Any CPU
		{D0FD4439-CD28-4F59-980F-8FDFAF153C77}.Debug|Any CPU.ActiveCfg = Debug|Any CPU
		{D0FD4439-CD28-4F59-980F-8FDFAF153C77}.Debug|Any CPU.Build.0 = Debug|Any CPU
		{D0FD4439-CD28-4F59-980F-8FDFAF153C77}.Release|Any CPU.ActiveCfg = Release|Any CPU
		{D0FD4439-CD28-4F59-980F-8FDFAF153C77}.Release|Any CPU.Build.0 = Release|Any CPU
		{7311D974-6493-4A67-80BA-E4312116E476}.Debug|Any CPU.ActiveCfg = Debug|Any CPU
		{7311D974-6493-4A67-80BA-E4312116E476}.Debug|Any CPU.Build.0 = Debug|Any CPU
		{7311D974-6493-4A67-80BA-E4312116E476}.Release|Any CPU.ActiveCfg = Release|Any CPU
		{7311D974-6493-4A67-80BA-E4312116E476}.Release|Any CPU.Build.0 = Release|Any CPU
		{AF3E3086-F981-4785-A342-96A66145799A}.Debug|Any CPU.ActiveCfg = Debug|Any CPU
		{AF3E3086-F981-4785-A342-96A66145799A}.Debug|Any CPU.Build.0 = Debug|Any CPU
		{AF3E3086-F981-4785-A342-96A66145799A}.Release|Any CPU.ActiveCfg = Release|Any CPU
		{AF3E3086-F981-4785-A342-96A66145799A}.Release|Any CPU.Build.0 = Release|Any CPU
		{7C9F9257-4CB7-4EF6-AA1B-FEF602A750BC}.Debug|Any CPU.ActiveCfg = Debug|Any CPU
		{7C9F9257-4CB7-4EF6-AA1B-FEF602A750BC}.Debug|Any CPU.Build.0 = Debug|Any CPU
		{7C9F9257-4CB7-4EF6-AA1B-FEF602A750BC}.Release|Any CPU.ActiveCfg = Release|Any CPU
		{7C9F9257-4CB7-4EF6-AA1B-FEF602A750BC}.Release|Any CPU.Build.0 = Release|Any CPU
	EndGlobalSection
	GlobalSection(SolutionProperties) = preSolution
		HideSolutionNode = FALSE
	EndGlobalSection
	GlobalSection(ExtensibilityGlobals) = postSolution
		SolutionGuid = {17DB39B5-3C67-4FB1-9B46-EF7BEDD265B5}
	EndGlobalSection
EndGlobal
